<?xml version="1.0" encoding="utf-8"?>
<Project ToolsVersion="4.0" xmlns="http://schemas.microsoft.com/developer/msbuild/2003">
  <ItemGroup>
    <Filter Include="Source Files">
      <UniqueIdentifier>{4FC737F1-C7A5-4376-A066-2A32D752A2FF}</UniqueIdentifier>
      <Extensions>cpp;c;cc;cxx;def;odl;idl;hpj;bat;asm;asmx</Extensions>
    </Filter>
    <Filter Include="Header Files">
      <UniqueIdentifier>{93995380-89BD-4b04-88EB-625FBE52EBFB}</UniqueIdentifier>
      <Extensions>h;hpp;hxx;hm;inl;inc;xsd</Extensions>
    </Filter>
    <Filter Include="Resource Files">
      <UniqueIdentifier>{67DA6AB6-F800-4c08-8B7A-83BB121AAD01}</UniqueIdentifier>
      <Extensions>rc;ico;cur;bmp;dlg;rc2;rct;bin;rgs;gif;jpg;jpeg;jpe;resx;tiff;tif;png;wav;mfcribbon-ms</Extensions>
    </Filter>
    <Filter Include="Source Files\native">
      <UniqueIdentifier>{f8633fd4-cf7a-47bf-8c2f-7b42280a948f}</UniqueIdentifier>
    </Filter>
    <Filter Include="Header Files\native">
      <UniqueIdentifier>{46b04054-d2b8-41ca-9162-4437dfc6f109}</UniqueIdentifier>
    </Filter>
  </ItemGroup>
  <ItemGroup>
    <ClInclude Include="FFmpegUtils.h">
      <Filter>Header Files</Filter>
    </ClInclude>
    <ClInclude Include="FFmpegMedia.h">
      <Filter>Header Files</Filter>
    </ClInclude>
    <ClInclude Include="ffmpeg_native_reader.h">
      <Filter>Header Files\native</Filter>
    </ClInclude>
    <ClInclude Include="ffmpeg_native_writer.h">
      <Filter>Header Files\native</Filter>
    </ClInclude>
  </ItemGroup>
  <ItemGroup>
    <ClCompile Include="FFmpegMedia.cpp">
      <Filter>Source Files</Filter>
    </ClCompile>
    <ClCompile Include="ffmpeg_native_reader.cpp">
      <Filter>Source Files\native</Filter>
    </ClCompile>
    <ClCompile Include="ffmpeg_native_writer.cpp">
      <Filter>Source Files\native</Filter>
    </ClCompile>
  </ItemGroup>
  <ItemGroup>
    <None Include="trash.txt" />
  </ItemGroup>
</Project>